
Microsoft Visual Studio Solution File, Format Version 12.00
# Visual Studio Version 17
VisualStudioVersion = 17.12.35527.113
MinimumVisualStudioVersion = 10.0.40219.1
Project("{FAE04EC0-301F-11D3-BF4B-00C04F79EFBC}") = "EkzSystemsProgramming", "EkzSystemsProgramming.csproj", "{08D9938B-4161-4112-8766-F253B7F114BA}"
EndProject
Project("{FAE04EC0-301F-11D3-BF4B-00C04F79EFBC}") = "Совершенно точно не подозрительный процесс", "Совершенно точно не подозрительный процесс\Совершенно точно не подозрительный процесс.csproj", "{F9F78846-C6D6-45E9-AB9D-00C37D979485}"
EndProject
Global
	GlobalSection(SolutionConfigurationPlatforms) = preSolution
		Debug|Any CPU = Debug|Any CPU
		Release|Any CPU = Release|Any CPU
	EndGlobalSection
	GlobalSection(ProjectConfigurationPlatforms) = postSolution
		{08D9938B-4161-4112-8766-F253B7F114BA}.Debug|Any CPU.ActiveCfg = Debug|Any CPU
		{08D9938B-4161-4112-8766-F253B7F114BA}.Debug|Any CPU.Build.0 = Debug|Any CPU
		{08D9938B-4161-4112-8766-F253B7F114BA}.Release|Any CPU.ActiveCfg = Release|Any CPU
		{08D9938B-4161-4112-8766-F253B7F114BA}.Release|Any CPU.Build.0 = Release|Any CPU
		{F9F78846-C6D6-45E9-AB9D-00C37D979485}.Debug|Any CPU.ActiveCfg = Debug|Any CPU
		{F9F78846-C6D6-45E9-AB9D-00C37D979485}.Debug|Any CPU.Build.0 = Debug|Any CPU
		{F9F78846-C6D6-45E9-AB9D-00C37D979485}.Release|Any CPU.ActiveCfg = Release|Any CPU
		{F9F78846-C6D6-45E9-AB9D-00C37D979485}.Release|Any CPU.Build.0 = Release|Any CPU
	EndGlobalSection
	GlobalSection(SolutionProperties) = preSolution
		HideSolutionNode = FALSE
	EndGlobalSection
EndGlobal
